
Microsoft Visual Studio Solution File, Format Version 12.00
# Visual Studio Version 17
VisualStudioVersion = 17.8.34309.116
MinimumVisualStudioVersion = 10.0.40219.1
Project("{FAE04EC0-301F-11D3-BF4B-00C04F79EFBC}") = "ForAllksaaaaaaaaaaaaaaaaaaa", "ForAllksaaaaaaaaaaaaaaaaaaa.csproj", "{6EACF669-B086-487C-9229-35526499B68E}"
EndProject
Global
	GlobalSection(SolutionConfigurationPlatforms) = preSolution
		Debug|Any CPU = Debug|Any CPU
		Release|Any CPU = Release|Any CPU
	EndGlobalSection
	GlobalSection(ProjectConfigurationPlatforms) = postSolution
		{6EACF669-B086-487C-9229-35526499B68E}.Debug|Any CPU.ActiveCfg = Debug|Any CPU
		{6EACF669-B086-487C-9229-35526499B68E}.Debug|Any CPU.Build.0 = Debug|Any CPU
		{6EACF669-B086-487C-9229-35526499B68E}.Release|Any CPU.ActiveCfg = Release|Any CPU
		{6EACF669-B086-487C-9229-35526499B68E}.Release|Any CPU.Build.0 = Release|Any CPU
	EndGlobalSection
	GlobalSection(SolutionProperties) = preSolution
		HideSolutionNode = FALSE
	EndGlobalSection
	GlobalSection(ExtensibilityGlobals) = postSolution
		SolutionGuid = {D7F637D4-952D-4C96-A40F-D7F88323BC2E}
	EndGlobalSection
EndGlobal
